
Microsoft Visual Studio Solution File, Format Version 12.00
# Visual Studio Version 16
VisualStudioVersion = 16.0.30413.136
MinimumVisualStudioVersion = 10.0.40219.1
Project("{FAE04EC0-301F-11D3-BF4B-00C04F79EFBC}") = "ArithematicOperations ref", "ArithematicOperations ref\ArithematicOperations ref.csproj", "{7155FFB1-8636-4E70-AB87-9DFAE55FD53E}"
EndProject
Global
	GlobalSection(SolutionConfigurationPlatforms) = preSolution
		Debug|Any CPU = Debug|Any CPU
		Release|Any CPU = Release|Any CPU
	EndGlobalSection
	GlobalSection(ProjectConfigurationPlatforms) = postSolution
		{7155FFB1-8636-4E70-AB87-9DFAE55FD53E}.Debug|Any CPU.ActiveCfg = Debug|Any CPU
		{7155FFB1-8636-4E70-AB87-9DFAE55FD53E}.Debug|Any CPU.Build.0 = Debug|Any CPU
		{7155FFB1-8636-4E70-AB87-9DFAE55FD53E}.Release|Any CPU.ActiveCfg = Release|Any CPU
		{7155FFB1-8636-4E70-AB87-9DFAE55FD53E}.Release|Any CPU.Build.0 = Release|Any CPU
	EndGlobalSection
	GlobalSection(SolutionProperties) = preSolution
		HideSolutionNode = FALSE
	EndGlobalSection
	GlobalSection(ExtensibilityGlobals) = postSolution
		SolutionGuid = {26E4CE4D-5125-4FEB-95CB-73F780BF030E}
	EndGlobalSection
EndGlobal
