
Microsoft Visual Studio Solution File, Format Version 12.00
# Visual Studio Version 16
VisualStudioVersion = 16.0.30406.217
MinimumVisualStudioVersion = 10.0.40219.1
Project("{FAE04EC0-301F-11D3-BF4B-00C04F79EFBC}") = "Average of numbers", "Average of numbers\Average of numbers.csproj", "{8BC928AB-413E-48A9-A944-0F244A4F7DEF}"
EndProject
Global
	GlobalSection(SolutionConfigurationPlatforms) = preSolution
		Debug|Any CPU = Debug|Any CPU
		Release|Any CPU = Release|Any CPU
	EndGlobalSection
	GlobalSection(ProjectConfigurationPlatforms) = postSolution
		{8BC928AB-413E-48A9-A944-0F244A4F7DEF}.Debug|Any CPU.ActiveCfg = Debug|Any CPU
		{8BC928AB-413E-48A9-A944-0F244A4F7DEF}.Debug|Any CPU.Build.0 = Debug|Any CPU
		{8BC928AB-413E-48A9-A944-0F244A4F7DEF}.Release|Any CPU.ActiveCfg = Release|Any CPU
		{8BC928AB-413E-48A9-A944-0F244A4F7DEF}.Release|Any CPU.Build.0 = Release|Any CPU
	EndGlobalSection
	GlobalSection(SolutionProperties) = preSolution
		HideSolutionNode = FALSE
	EndGlobalSection
	GlobalSection(ExtensibilityGlobals) = postSolution
		SolutionGuid = {48B857A9-B755-4662-B3BE-A5FE7292BCC2}
	EndGlobalSection
EndGlobal
