
Microsoft Visual Studio Solution File, Format Version 12.00
# Visual Studio Version 16
VisualStudioVersion = 16.0.30406.217
MinimumVisualStudioVersion = 10.0.40219.1
Project("{FAE04EC0-301F-11D3-BF4B-00C04F79EFBC}") = "Half Finder", "Half Finder\Half Finder.csproj", "{02F45C9F-BD6A-470C-AE38-8671053F83BA}"
EndProject
Global
	GlobalSection(SolutionConfigurationPlatforms) = preSolution
		Debug|Any CPU = Debug|Any CPU
		Release|Any CPU = Release|Any CPU
	EndGlobalSection
	GlobalSection(ProjectConfigurationPlatforms) = postSolution
		{02F45C9F-BD6A-470C-AE38-8671053F83BA}.Debug|Any CPU.ActiveCfg = Debug|Any CPU
		{02F45C9F-BD6A-470C-AE38-8671053F83BA}.Debug|Any CPU.Build.0 = Debug|Any CPU
		{02F45C9F-BD6A-470C-AE38-8671053F83BA}.Release|Any CPU.ActiveCfg = Release|Any CPU
		{02F45C9F-BD6A-470C-AE38-8671053F83BA}.Release|Any CPU.Build.0 = Release|Any CPU
	EndGlobalSection
	GlobalSection(SolutionProperties) = preSolution
		HideSolutionNode = FALSE
	EndGlobalSection
	GlobalSection(ExtensibilityGlobals) = postSolution
		SolutionGuid = {A3E6AEEC-B2EB-4D47-B1ED-154F51741BF5}
	EndGlobalSection
EndGlobal
