
Microsoft Visual Studio Solution File, Format Version 12.00
# Visual Studio Version 16
VisualStudioVersion = 16.0.30406.217
MinimumVisualStudioVersion = 10.0.40219.1
Project("{FAE04EC0-301F-11D3-BF4B-00C04F79EFBC}") = "TwoDimensionalArray A_2", "TwoDimensionalArray A_2\TwoDimensionalArray A_2.csproj", "{94619BA1-F1F6-4989-9B29-B16DADC77847}"
EndProject
Global
	GlobalSection(SolutionConfigurationPlatforms) = preSolution
		Debug|Any CPU = Debug|Any CPU
		Release|Any CPU = Release|Any CPU
	EndGlobalSection
	GlobalSection(ProjectConfigurationPlatforms) = postSolution
		{94619BA1-F1F6-4989-9B29-B16DADC77847}.Debug|Any CPU.ActiveCfg = Debug|Any CPU
		{94619BA1-F1F6-4989-9B29-B16DADC77847}.Debug|Any CPU.Build.0 = Debug|Any CPU
		{94619BA1-F1F6-4989-9B29-B16DADC77847}.Release|Any CPU.ActiveCfg = Release|Any CPU
		{94619BA1-F1F6-4989-9B29-B16DADC77847}.Release|Any CPU.Build.0 = Release|Any CPU
	EndGlobalSection
	GlobalSection(SolutionProperties) = preSolution
		HideSolutionNode = FALSE
	EndGlobalSection
	GlobalSection(ExtensibilityGlobals) = postSolution
		SolutionGuid = {E1504E31-5A48-4D12-9775-85097BF67EBA}
	EndGlobalSection
EndGlobal
