
Microsoft Visual Studio Solution File, Format Version 12.00
# Visual Studio Version 16
VisualStudioVersion = 16.0.30406.217
MinimumVisualStudioVersion = 10.0.40219.1
Project("{FAE04EC0-301F-11D3-BF4B-00C04F79EFBC}") = "CloseToAverage A_2", "CloseToAverage A_2\CloseToAverage A_2.csproj", "{594F2FBD-ABE9-4C03-9C21-864075D022A3}"
EndProject
Global
	GlobalSection(SolutionConfigurationPlatforms) = preSolution
		Debug|Any CPU = Debug|Any CPU
		Release|Any CPU = Release|Any CPU
	EndGlobalSection
	GlobalSection(ProjectConfigurationPlatforms) = postSolution
		{594F2FBD-ABE9-4C03-9C21-864075D022A3}.Debug|Any CPU.ActiveCfg = Debug|Any CPU
		{594F2FBD-ABE9-4C03-9C21-864075D022A3}.Debug|Any CPU.Build.0 = Debug|Any CPU
		{594F2FBD-ABE9-4C03-9C21-864075D022A3}.Release|Any CPU.ActiveCfg = Release|Any CPU
		{594F2FBD-ABE9-4C03-9C21-864075D022A3}.Release|Any CPU.Build.0 = Release|Any CPU
	EndGlobalSection
	GlobalSection(SolutionProperties) = preSolution
		HideSolutionNode = FALSE
	EndGlobalSection
	GlobalSection(ExtensibilityGlobals) = postSolution
		SolutionGuid = {4EFC3807-4917-4FC2-A484-98D393D409F2}
	EndGlobalSection
EndGlobal
