
Microsoft Visual Studio Solution File, Format Version 12.00
# Visual Studio Version 16
VisualStudioVersion = 16.0.30413.136
MinimumVisualStudioVersion = 10.0.40219.1
Project("{FAE04EC0-301F-11D3-BF4B-00C04F79EFBC}") = "FlowerShow A_4", "FlowerShow A_4\FlowerShow A_4.csproj", "{9C3E1BE5-99EC-4927-9758-5A6E3A5C3DCA}"
EndProject
Global
	GlobalSection(SolutionConfigurationPlatforms) = preSolution
		Debug|Any CPU = Debug|Any CPU
		Release|Any CPU = Release|Any CPU
	EndGlobalSection
	GlobalSection(ProjectConfigurationPlatforms) = postSolution
		{9C3E1BE5-99EC-4927-9758-5A6E3A5C3DCA}.Debug|Any CPU.ActiveCfg = Debug|Any CPU
		{9C3E1BE5-99EC-4927-9758-5A6E3A5C3DCA}.Debug|Any CPU.Build.0 = Debug|Any CPU
		{9C3E1BE5-99EC-4927-9758-5A6E3A5C3DCA}.Release|Any CPU.ActiveCfg = Release|Any CPU
		{9C3E1BE5-99EC-4927-9758-5A6E3A5C3DCA}.Release|Any CPU.Build.0 = Release|Any CPU
	EndGlobalSection
	GlobalSection(SolutionProperties) = preSolution
		HideSolutionNode = FALSE
	EndGlobalSection
	GlobalSection(ExtensibilityGlobals) = postSolution
		SolutionGuid = {72E42AE7-F796-4787-B9E0-94933013C233}
	EndGlobalSection
EndGlobal
