
Microsoft Visual Studio Solution File, Format Version 12.00
# Visual Studio Version 16
VisualStudioVersion = 16.0.30413.136
MinimumVisualStudioVersion = 10.0.40219.1
Project("{FAE04EC0-301F-11D3-BF4B-00C04F79EFBC}") = "IndexersShowcasing", "IndexersShowcasing\IndexersShowcasing.csproj", "{34E7A00F-27F6-4D16-A9C5-5D131FE19AD8}"
EndProject
Global
	GlobalSection(SolutionConfigurationPlatforms) = preSolution
		Debug|Any CPU = Debug|Any CPU
		Release|Any CPU = Release|Any CPU
	EndGlobalSection
	GlobalSection(ProjectConfigurationPlatforms) = postSolution
		{34E7A00F-27F6-4D16-A9C5-5D131FE19AD8}.Debug|Any CPU.ActiveCfg = Debug|Any CPU
		{34E7A00F-27F6-4D16-A9C5-5D131FE19AD8}.Debug|Any CPU.Build.0 = Debug|Any CPU
		{34E7A00F-27F6-4D16-A9C5-5D131FE19AD8}.Release|Any CPU.ActiveCfg = Release|Any CPU
		{34E7A00F-27F6-4D16-A9C5-5D131FE19AD8}.Release|Any CPU.Build.0 = Release|Any CPU
	EndGlobalSection
	GlobalSection(SolutionProperties) = preSolution
		HideSolutionNode = FALSE
	EndGlobalSection
	GlobalSection(ExtensibilityGlobals) = postSolution
		SolutionGuid = {5C5DBCDB-43D0-45C9-8678-2627684EDC1A}
	EndGlobalSection
EndGlobal
